// !$*UTF8*$!
{
	archiveVersion = 1;
	classes = {
	};
	objectVersion = 56;
	objects = {

/* Begin PBXBuildFile section */
		C964DFF92B5B3C7900317B8A /* UCSCMarketsApp.swift in Sources */ = {isa = PBXBuildFile; fileRef = C964DFF82B5B3C7900317B8A /* UCSCMarketsApp.swift */; };
		C964DFFB2B5B3C7900317B8A /* ContentView.swift in Sources */ = {isa = PBXBuildFile; fileRef = C964DFFA2B5B3C7900317B8A /* ContentView.swift */; };
		C964DFFD2B5B3C7D00317B8A /* Assets.xcassets in Resources */ = {isa = PBXBuildFile; fileRef = C964DFFC2B5B3C7D00317B8A /* Assets.xcassets */; };
		C964E0002B5B3C7D00317B8A /* Preview Assets.xcassets in Resources */ = {isa = PBXBuildFile; fileRef = C964DFFF2B5B3C7D00317B8A /* Preview Assets.xcassets */; };
		C964E00A2B5B3C7E00317B8A /* UCSCMarketsTests.swift in Sources */ = {isa = PBXBuildFile; fileRef = C964E0092B5B3C7E00317B8A /* UCSCMarketsTests.swift */; };
		C964E0142B5B3C7E00317B8A /* UCSCMarketsUITests.swift in Sources */ = {isa = PBXBuildFile; fileRef = C964E0132B5B3C7E00317B8A /* UCSCMarketsUITests.swift */; };
		C964E0162B5B3C7E00317B8A /* UCSCMarketsUITestsLaunchTests.swift in Sources */ = {isa = PBXBuildFile; fileRef = C964E0152B5B3C7E00317B8A /* UCSCMarketsUITestsLaunchTests.swift */; };
/* End PBXBuildFile section */

/* Begin PBXContainerItemProxy section */
		C964E0062B5B3C7E00317B8A /* PBXContainerItemProxy */ = {
			isa = PBXContainerItemProxy;
			containerPortal = C964DFED2B5B3C7900317B8A /* Project object */;
			proxyType = 1;
			remoteGlobalIDString = C964DFF42B5B3C7900317B8A;
			remoteInfo = UCSCMarkets;
		};
		C964E0102B5B3C7E00317B8A /* PBXContainerItemProxy */ = {
			isa = PBXContainerItemProxy;
			containerPortal = C964DFED2B5B3C7900317B8A /* Project object */;
			proxyType = 1;
			remoteGlobalIDString = C964DFF42B5B3C7900317B8A;
			remoteInfo = UCSCMarkets;
		};
/* End PBXContainerItemProxy section */

/* Begin PBXFileReference section */
		C964DFF52B5B3C7900317B8A /* UCSCMarkets.app */ = {isa = PBXFileReference; explicitFileType = wrapper.application; includeInIndex = 0; path = UCSCMarkets.app; sourceTree = BUILT_PRODUCTS_DIR; };
		C964DFF82B5B3C7900317B8A /* UCSCMarketsApp.swift */ = {isa = PBXFileReference; lastKnownFileType = sourcecode.swift; path = UCSCMarketsApp.swift; sourceTree = "<group>"; };
		C964DFFA2B5B3C7900317B8A /* ContentView.swift */ = {isa = PBXFileReference; lastKnownFileType = sourcecode.swift; path = ContentView.swift; sourceTree = "<group>"; };
		C964DFFC2B5B3C7D00317B8A /* Assets.xcassets */ = {isa = PBXFileReference; lastKnownFileType = folder.assetcatalog; path = Assets.xcassets; sourceTree = "<group>"; };
		C964DFFF2B5B3C7D00317B8A /* Preview Assets.xcassets */ = {isa = PBXFileReference; lastKnownFileType = folder.assetcatalog; path = "Preview Assets.xcassets"; sourceTree = "<group>"; };
		C964E0052B5B3C7E00317B8A /* UCSCMarketsTests.xctest */ = {isa = PBXFileReference; explicitFileType = wrapper.cfbundle; includeInIndex = 0; path = UCSCMarketsTests.xctest; sourceTree = BUILT_PRODUCTS_DIR; };
		C964E0092B5B3C7E00317B8A /* UCSCMarketsTests.swift */ = {isa = PBXFileReference; lastKnownFileType = sourcecode.swift; path = UCSCMarketsTests.swift; sourceTree = "<group>"; };
		C964E00F2B5B3C7E00317B8A /* UCSCMarketsUITests.xctest */ = {isa = PBXFileReference; explicitFileType = wrapper.cfbundle; includeInIndex = 0; path = UCSCMarketsUITests.xctest; sourceTree = BUILT_PRODUCTS_DIR; };
		C964E0132B5B3C7E00317B8A /* UCSCMarketsUITests.swift */ = {isa = PBXFileReference; lastKnownFileType = sourcecode.swift; path = UCSCMarketsUITests.swift; sourceTree = "<group>"; };
		C964E0152B5B3C7E00317B8A /* UCSCMarketsUITestsLaunchTests.swift */ = {isa = PBXFileReference; lastKnownFileType = sourcecode.swift; path = UCSCMarketsUITestsLaunchTests.swift; sourceTree = "<group>"; };
/* End PBXFileReference section */

/* Begin PBXFrameworksBuildPhase section */
		C964DFF22B5B3C7900317B8A /* Frameworks */ = {
			isa = PBXFrameworksBuildPhase;
			buildActionMask = 2147483647;
			files = (
			);
			runOnlyForDeploymentPostprocessing = 0;
		};
		C964E0022B5B3C7E00317B8A /* Frameworks */ = {
			isa = PBXFrameworksBuildPhase;
			buildActionMask = 2147483647;
			files = (
			);
			runOnlyForDeploymentPostprocessing = 0;
		};
		C964E00C2B5B3C7E00317B8A /* Frameworks */ = {
			isa = PBXFrameworksBuildPhase;
			buildActionMask = 2147483647;
			files = (
			);
			runOnlyForDeploymentPostprocessing = 0;
		};
/* End PBXFrameworksBuildPhase section */

/* Begin PBXGroup section */
		C964DFEC2B5B3C7900317B8A = {
			isa = PBXGroup;
			children = (
				C964DFF72B5B3C7900317B8A /* UCSCMarkets */,
				C964E0082B5B3C7E00317B8A /* UCSCMarketsTests */,
				C964E0122B5B3C7E00317B8A /* UCSCMarketsUITests */,
				C964DFF62B5B3C7900317B8A /* Products */,
			);
			sourceTree = "<group>";
		};
		C964DFF62B5B3C7900317B8A /* Products */ = {
			isa = PBXGroup;
			children = (
				C964DFF52B5B3C7900317B8A /* UCSCMarkets.app */,
				C964E0052B5B3C7E00317B8A /* UCSCMarketsTests.xctest */,
				C964E00F2B5B3C7E00317B8A /* UCSCMarketsUITests.xctest */,
			);
			name = Products;
			sourceTree = "<group>";
		};
		C964DFF72B5B3C7900317B8A /* UCSCMarkets */ = {
			isa = PBXGroup;
			children = (
				C964DFF82B5B3C7900317B8A /* UCSCMarketsApp.swift */,
				C964DFFA2B5B3C7900317B8A /* ContentView.swift */,
				C964DFFC2B5B3C7D00317B8A /* Assets.xcassets */,
				C964DFFE2B5B3C7D00317B8A /* Preview Content */,
			);
			path = UCSCMarkets;
			sourceTree = "<group>";
		};
		C964DFFE2B5B3C7D00317B8A /* Preview Content */ = {
			isa = PBXGroup;
			children = (
				C964DFFF2B5B3C7D00317B8A /* Preview Assets.xcassets */,
			);
			path = "Preview Content";
			sourceTree = "<group>";
		};
		C964E0082B5B3C7E00317B8A /* UCSCMarketsTests */ = {
			isa = PBXGroup;
			children = (
				C964E0092B5B3C7E00317B8A /* UCSCMarketsTests.swift */,
			);
			path = UCSCMarketsTests;
			sourceTree = "<group>";
		};
		C964E0122B5B3C7E00317B8A /* UCSCMarketsUITests */ = {
			isa = PBXGroup;
			children = (
				C964E0132B5B3C7E00317B8A /* UCSCMarketsUITests.swift */,
				C964E0152B5B3C7E00317B8A /* UCSCMarketsUITestsLaunchTests.swift */,
			);
			path = UCSCMarketsUITests;
			sourceTree = "<group>";
		};
/* End PBXGroup section */

/* Begin PBXNativeTarget section */
		C964DFF42B5B3C7900317B8A /* UCSCMarkets */ = {
			isa = PBXNativeTarget;
			buildConfigurationList = C964E0192B5B3C7E00317B8A /* Build configuration list for PBXNativeTarget "UCSCMarkets" */;
			buildPhases = (
				C964DFF12B5B3C7900317B8A /* Sources */,
				C964DFF22B5B3C7900317B8A /* Frameworks */,
				C964DFF32B5B3C7900317B8A /* Resources */,
			);
			buildRules = (
			);
			dependencies = (
			);
			name = UCSCMarkets;
			productName = UCSCMarkets;
			productReference = C964DFF52B5B3C7900317B8A /* UCSCMarkets.app */;
			productType = "com.apple.product-type.application";
		};
		C964E0042B5B3C7E00317B8A /* UCSCMarketsTests */ = {
			isa = PBXNativeTarget;
			buildConfigurationList = C964E01C2B5B3C7E00317B8A /* Build configuration list for PBXNativeTarget "UCSCMarketsTests" */;
			buildPhases = (
				C964E0012B5B3C7E00317B8A /* Sources */,
				C964E0022B5B3C7E00317B8A /* Frameworks */,
				C964E0032B5B3C7E00317B8A /* Resources */,
			);
			buildRules = (
			);
			dependencies = (
				C964E0072B5B3C7E00317B8A /* PBXTargetDependency */,
			);
			name = UCSCMarketsTests;
			productName = UCSCMarketsTests;
			productReference = C964E0052B5B3C7E00317B8A /* UCSCMarketsTests.xctest */;
			productType = "com.apple.product-type.bundle.unit-test";
		};
		C964E00E2B5B3C7E00317B8A /* UCSCMarketsUITests */ = {
			isa = PBXNativeTarget;
			buildConfigurationList = C964E01F2B5B3C7E00317B8A /* Build configuration list for PBXNativeTarget "UCSCMarketsUITests" */;
			buildPhases = (
				C964E00B2B5B3C7E00317B8A /* Sources */,
				C964E00C2B5B3C7E00317B8A /* Frameworks */,
				C964E00D2B5B3C7E00317B8A /* Resources */,
			);
			buildRules = (
			);
			dependencies = (
				C964E0112B5B3C7E00317B8A /* PBXTargetDependency */,
			);
			name = UCSCMarketsUITests;
			productName = UCSCMarketsUITests;
			productReference = C964E00F2B5B3C7E00317B8A /* UCSCMarketsUITests.xctest */;
			productType = "com.apple.product-type.bundle.ui-testing";
		};
/* End PBXNativeTarget section */

/* Begin PBXProject section */
		C964DFED2B5B3C7900317B8A /* Project object */ = {
			isa = PBXProject;
			attributes = {
				BuildIndependentTargetsInParallel = 1;
				LastSwiftUpdateCheck = 1510;
				LastUpgradeCheck = 1510;
				TargetAttributes = {
					C964DFF42B5B3C7900317B8A = {
						CreatedOnToolsVersion = 15.1;
					};
					C964E0042B5B3C7E00317B8A = {
						CreatedOnToolsVersion = 15.1;
						TestTargetID = C964DFF42B5B3C7900317B8A;
					};
					C964E00E2B5B3C7E00317B8A = {
						CreatedOnToolsVersion = 15.1;
						TestTargetID = C964DFF42B5B3C7900317B8A;
					};
				};
			};
			buildConfigurationList = C964DFF02B5B3C7900317B8A /* Build configuration list for PBXProject "UCSCMarkets" */;
			compatibilityVersion = "Xcode 14.0";
			developmentRegion = en;
			hasScannedForEncodings = 0;
			knownRegions = (
				en,
				Base,
			);
			mainGroup = C964DFEC2B5B3C7900317B8A;
			productRefGroup = C964DFF62B5B3C7900317B8A /* Products */;
			projectDirPath = "";
			projectRoot = "";
			targets = (
				C964DFF42B5B3C7900317B8A /* UCSCMarkets */,
				C964E0042B5B3C7E00317B8A /* UCSCMarketsTests */,
				C964E00E2B5B3C7E00317B8A /* UCSCMarketsUITests */,
			);
		};
/* End PBXProject section */

/* Begin PBXResourcesBuildPhase section */
		C964DFF32B5B3C7900317B8A /* Resources */ = {
			isa = PBXResourcesBuildPhase;
			buildActionMask = 2147483647;
			files = (
				C964E0002B5B3C7D00317B8A /* Preview Assets.xcassets in Resources */,
				C964DFFD2B5B3C7D00317B8A /* Assets.xcassets in Resources */,
			);
			runOnlyForDeploymentPostprocessing = 0;
		};
		C964E0032B5B3C7E00317B8A /* Resources */ = {
			isa = PBXResourcesBuildPhase;
			buildActionMask = 2147483647;
			files = (
			);
			runOnlyForDeploymentPostprocessing = 0;
		};
		C964E00D2B5B3C7E00317B8A /* Resources */ = {
			isa = PBXResourcesBuildPhase;
			buildActionMask = 2147483647;
			files = (
			);
			runOnlyForDeploymentPostprocessing = 0;
		};
/* End PBXResourcesBuildPhase section */

/* Begin PBXSourcesBuildPhase section */
		C964DFF12B5B3C7900317B8A /* Sources */ = {
			isa = PBXSourcesBuildPhase;
			buildActionMask = 2147483647;
			files = (
				C964DFFB2B5B3C7900317B8A /* ContentView.swift in Sources */,
				C964DFF92B5B3C7900317B8A /* UCSCMarketsApp.swift in Sources */,
			);
			runOnlyForDeploymentPostprocessing = 0;
		};
		C964E0012B5B3C7E00317B8A /* Sources */ = {
			isa = PBXSourcesBuildPhase;
			buildActionMask = 2147483647;
			files = (
				C964E00A2B5B3C7E00317B8A /* UCSCMarketsTests.swift in Sources */,
			);
			runOnlyForDeploymentPostprocessing = 0;
		};
		C964E00B2B5B3C7E00317B8A /* Sources */ = {
			isa = PBXSourcesBuildPhase;
			buildActionMask = 2147483647;
			files = (
				C964E0162B5B3C7E00317B8A /* UCSCMarketsUITestsLaunchTests.swift in Sources */,
				C964E0142B5B3C7E00317B8A /* UCSCMarketsUITests.swift in Sources */,
			);
			runOnlyForDeploymentPostprocessing = 0;
		};
/* End PBXSourcesBuildPhase section */

/* Begin PBXTargetDependency section */
		C964E0072B5B3C7E00317B8A /* PBXTargetDependency */ = {
			isa = PBXTargetDependency;
			target = C964DFF42B5B3C7900317B8A /* UCSCMarkets */;
			targetProxy = C964E0062B5B3C7E00317B8A /* PBXContainerItemProxy */;
		};
		C964E0112B5B3C7E00317B8A /* PBXTargetDependency */ = {
			isa = PBXTargetDependency;
			target = C964DFF42B5B3C7900317B8A /* UCSCMarkets */;
			targetProxy = C964E0102B5B3C7E00317B8A /* PBXContainerItemProxy */;
		};
/* End PBXTargetDependency section */

/* Begin XCBuildConfiguration section */
		C964E0172B5B3C7E00317B8A /* Debug */ = {
			isa = XCBuildConfiguration;
			buildSettings = {
				ALWAYS_SEARCH_USER_PATHS = NO;
				ASSETCATALOG_COMPILER_GENERATE_SWIFT_ASSET_SYMBOL_EXTENSIONS = YES;
				CLANG_ANALYZER_NONNULL = YES;
				CLANG_ANALYZER_NUMBER_OBJECT_CONVERSION = YES_AGGRESSIVE;
				CLANG_CXX_LANGUAGE_STANDARD = "gnu++20";
				CLANG_ENABLE_MODULES = YES;
				CLANG_ENABLE_OBJC_ARC = YES;
				CLANG_ENABLE_OBJC_WEAK = YES;
				CLANG_WARN_BLOCK_CAPTURE_AUTORELEASING = YES;
				CLANG_WARN_BOOL_CONVERSION = YES;
				CLANG_WARN_COMMA = YES;
				CLANG_WARN_CONSTANT_CONVERSION = YES;
				CLANG_WARN_DEPRECATED_OBJC_IMPLEMENTATIONS = YES;
				CLANG_WARN_DIRECT_OBJC_ISA_USAGE = YES_ERROR;
				CLANG_WARN_DOCUMENTATION_COMMENTS = YES;
				CLANG_WARN_EMPTY_BODY = YES;
				CLANG_WARN_ENUM_CONVERSION = YES;
				CLANG_WARN_INFINITE_RECURSION = YES;
				CLANG_WARN_INT_CONVERSION = YES;
				CLANG_WARN_NON_LITERAL_NULL_CONVERSION = YES;
				CLANG_WARN_OBJC_IMPLICIT_RETAIN_SELF = YES;
				CLANG_WARN_OBJC_LITERAL_CONVERSION = YES;
				CLANG_WARN_OBJC_ROOT_CLASS = YES_ERROR;
				CLANG_WARN_QUOTED_INCLUDE_IN_FRAMEWORK_HEADER = YES;
				CLANG_WARN_RANGE_LOOP_ANALYSIS = YES;
				CLANG_WARN_STRICT_PROTOTYPES = YES;
				CLANG_WARN_SUSPICIOUS_MOVE = YES;
				CLANG_WARN_UNGUARDED_AVAILABILITY = YES_AGGRESSIVE;
				CLANG_WARN_UNREACHABLE_CODE = YES;
				CLANG_WARN__DUPLICATE_METHOD_MATCH = YES;
				COPY_PHASE_STRIP = NO;
				DEBUG_INFORMATION_FORMAT = dwarf;
				ENABLE_STRICT_OBJC_MSGSEND = YES;
				ENABLE_TESTABILITY = YES;
				ENABLE_USER_SCRIPT_SANDBOXING = YES;
				GCC_C_LANGUAGE_STANDARD = gnu17;
				GCC_DYNAMIC_NO_PIC = NO;
				GCC_NO_COMMON_BLOCKS = YES;
				GCC_OPTIMIZATION_LEVEL = 0;
				GCC_PREPROCESSOR_DEFINITIONS = (
					"DEBUG=1",
					"$(inherited)",
				);
				GCC_WARN_64_TO_32_BIT_CONVERSION = YES;
				GCC_WARN_ABOUT_RETURN_TYPE = YES_ERROR;
				GCC_WARN_UNDECLARED_SELECTOR = YES;
				GCC_WARN_UNINITIALIZED_AUTOS = YES_AGGRESSIVE;
				GCC_WARN_UNUSED_FUNCTION = YES;
				GCC_WARN_UNUSED_VARIABLE = YES;
				IPHONEOS_DEPLOYMENT_TARGET = 17.2;
				LOCALIZATION_PREFERS_STRING_CATALOGS = YES;
				MTL_ENABLE_DEBUG_INFO = INCLUDE_SOURCE;
				MTL_FAST_MATH = YES;
				ONLY_ACTIVE_ARCH = YES;
				SDKROOT = iphoneos;
				SWIFT_ACTIVE_COMPILATION_CONDITIONS = "DEBUG $(inherited)";
				SWIFT_OPTIMIZATION_LEVEL = "-Onone";
			};
			name = Debug;
		};
		C964E0182B5B3C7E00317B8A /* Release */ = {
			isa = XCBuildConfiguration;
			buildSettings = {
				ALWAYS_SEARCH_USER_PATHS = NO;
				ASSETCATALOG_COMPILER_GENERATE_SWIFT_ASSET_SYMBOL_EXTENSIONS = YES;
				CLANG_ANALYZER_NONNULL = YES;
				CLANG_ANALYZER_NUMBER_OBJECT_CONVERSION = YES_AGGRESSIVE;
				CLANG_CXX_LANGUAGE_STANDARD = "gnu++20";
				CLANG_ENABLE_MODULES = YES;
				CLANG_ENABLE_OBJC_ARC = YES;
				CLANG_ENABLE_OBJC_WEAK = YES;
				CLANG_WARN_BLOCK_CAPTURE_AUTORELEASING = YES;
				CLANG_WARN_BOOL_CONVERSION = YES;
				CLANG_WARN_COMMA = YES;
				CLANG_WARN_CONSTANT_CONVERSION = YES;
				CLANG_WARN_DEPRECATED_OBJC_IMPLEMENTATIONS = YES;
				CLANG_WARN_DIRECT_OBJC_ISA_USAGE = YES_ERROR;
				CLANG_WARN_DOCUMENTATION_COMMENTS = YES;
				CLANG_WARN_EMPTY_BODY = YES;
				CLANG_WARN_ENUM_CONVERSION = YES;
				CLANG_WARN_INFINITE_RECURSION = YES;
				CLANG_WARN_INT_CONVERSION = YES;
				CLANG_WARN_NON_LITERAL_NULL_CONVERSION = YES;
				CLANG_WARN_OBJC_IMPLICIT_RETAIN_SELF = YES;
				CLANG_WARN_OBJC_LITERAL_CONVERSION = YES;
				CLANG_WARN_OBJC_ROOT_CLASS = YES_ERROR;
				CLANG_WARN_QUOTED_INCLUDE_IN_FRAMEWORK_HEADER = YES;
				CLANG_WARN_RANGE_LOOP_ANALYSIS = YES;
				CLANG_WARN_STRICT_PROTOTYPES = YES;
				CLANG_WARN_SUSPICIOUS_MOVE = YES;
				CLANG_WARN_UNGUARDED_AVAILABILITY = YES_AGGRESSIVE;
				CLANG_WARN_UNREACHABLE_CODE = YES;
				CLANG_WARN__DUPLICATE_METHOD_MATCH = YES;
				COPY_PHASE_STRIP = NO;
				DEBUG_INFORMATION_FORMAT = "dwarf-with-dsym";
				ENABLE_NS_ASSERTIONS = NO;
				ENABLE_STRICT_OBJC_MSGSEND = YES;
				ENABLE_USER_SCRIPT_SANDBOXING = YES;
				GCC_C_LANGUAGE_STANDARD = gnu17;
				GCC_NO_COMMON_BLOCKS = YES;
				GCC_WARN_64_TO_32_BIT_CONVERSION = YES;
				GCC_WARN_ABOUT_RETURN_TYPE = YES_ERROR;
				GCC_WARN_UNDECLARED_SELECTOR = YES;
				GCC_WARN_UNINITIALIZED_AUTOS = YES_AGGRESSIVE;
				GCC_WARN_UNUSED_FUNCTION = YES;
				GCC_WARN_UNUSED_VARIABLE = YES;
				IPHONEOS_DEPLOYMENT_TARGET = 17.2;
				LOCALIZATION_PREFERS_STRING_CATALOGS = YES;
				MTL_ENABLE_DEBUG_INFO = NO;
				MTL_FAST_MATH = YES;
				SDKROOT = iphoneos;
				SWIFT_COMPILATION_MODE = wholemodule;
				VALIDATE_PRODUCT = YES;
			};
			name = Release;
		};
		C964E01A2B5B3C7E00317B8A /* Debug */ = {
			isa = XCBuildConfiguration;
			buildSettings = {
				ASSETCATALOG_COMPILER_APPICON_NAME = AppIcon;
				ASSETCATALOG_COMPILER_GLOBAL_ACCENT_COLOR_NAME = AccentColor;
				CODE_SIGN_STYLE = Automatic;
				CURRENT_PROJECT_VERSION = 1;
				DEVELOPMENT_ASSET_PATHS = "\"UCSCMarkets/Preview Content\"";
				ENABLE_PREVIEWS = YES;
				GENERATE_INFOPLIST_FILE = YES;
				INFOPLIST_KEY_UIApplicationSceneManifest_Generation = YES;
				INFOPLIST_KEY_UIApplicationSupportsIndirectInputEvents = YES;
				INFOPLIST_KEY_UILaunchScreen_Generation = YES;
				INFOPLIST_KEY_UISupportedInterfaceOrientations_iPad = "UIInterfaceOrientationPortrait UIInterfaceOrientationPortraitUpsideDown UIInterfaceOrientationLandscapeLeft UIInterfaceOrientationLandscapeRight";
				INFOPLIST_KEY_UISupportedInterfaceOrientations_iPhone = "UIInterfaceOrientationPortrait UIInterfaceOrientationLandscapeLeft UIInterfaceOrientationLandscapeRight";
				LD_RUNPATH_SEARCH_PATHS = (
					"$(inherited)",
					"@executable_path/Frameworks",
				);
				MARKETING_VERSION = 1.0;
				PRODUCT_BUNDLE_IDENTIFIER = com.rachitverma.UCSCMarkets;
				PRODUCT_NAME = "$(TARGET_NAME)";
				SWIFT_EMIT_LOC_STRINGS = YES;
				SWIFT_VERSION = 5.0;
				TARGETED_DEVICE_FAMILY = "1,2";
			};
			name = Debug;
		};
		C964E01B2B5B3C7E00317B8A /* Release */ = {
			isa = XCBuildConfiguration;
			buildSettings = {
				ASSETCATALOG_COMPILER_APPICON_NAME = AppIcon;
				ASSETCATALOG_COMPILER_GLOBAL_ACCENT_COLOR_NAME = AccentColor;
				CODE_SIGN_STYLE = Automatic;
				CURRENT_PROJECT_VERSION = 1;
				DEVELOPMENT_ASSET_PATHS = "\"UCSCMarkets/Preview Content\"";
				ENABLE_PREVIEWS = YES;
				GENERATE_INFOPLIST_FILE = YES;
				INFOPLIST_KEY_UIApplicationSceneManifest_Generation = YES;
				INFOPLIST_KEY_UIApplicationSupportsIndirectInputEvents = YES;
				INFOPLIST_KEY_UILaunchScreen_Generation = YES;
				INFOPLIST_KEY_UISupportedInterfaceOrientations_iPad = "UIInterfaceOrientationPortrait UIInterfaceOrientationPortraitUpsideDown UIInterfaceOrientationLandscapeLeft UIInterfaceOrientationLandscapeRight";
				INFOPLIST_KEY_UISupportedInterfaceOrientations_iPhone = "UIInterfaceOrientationPortrait UIInterfaceOrientationLandscapeLeft UIInterfaceOrientationLandscapeRight";
				LD_RUNPATH_SEARCH_PATHS = (
					"$(inherited)",
					"@executable_path/Frameworks",
				);
				MARKETING_VERSION = 1.0;
				PRODUCT_BUNDLE_IDENTIFIER = com.rachitverma.UCSCMarkets;
				PRODUCT_NAME = "$(TARGET_NAME)";
				SWIFT_EMIT_LOC_STRINGS = YES;
				SWIFT_VERSION = 5.0;
				TARGETED_DEVICE_FAMILY = "1,2";
			};
			name = Release;
		};
		C964E01D2B5B3C7E00317B8A /* Debug */ = {
			isa = XCBuildConfiguration;
			buildSettings = {
				ALWAYS_EMBED_SWIFT_STANDARD_LIBRARIES = YES;
				BUNDLE_LOADER = "$(TEST_HOST)";
				CODE_SIGN_STYLE = Automatic;
				CURRENT_PROJECT_VERSION = 1;
				GENERATE_INFOPLIST_FILE = YES;
				IPHONEOS_DEPLOYMENT_TARGET = 17.2;
				MARKETING_VERSION = 1.0;
				PRODUCT_BUNDLE_IDENTIFIER = com.rachitverma.UCSCMarketsTests;
				PRODUCT_NAME = "$(TARGET_NAME)";
				SWIFT_EMIT_LOC_STRINGS = NO;
				SWIFT_VERSION = 5.0;
				TARGETED_DEVICE_FAMILY = "1,2";
				TEST_HOST = "$(BUILT_PRODUCTS_DIR)/UCSCMarkets.app/$(BUNDLE_EXECUTABLE_FOLDER_PATH)/UCSCMarkets";
			};
			name = Debug;
		};
		C964E01E2B5B3C7E00317B8A /* Release */ = {
			isa = XCBuildConfiguration;
			buildSettings = {
				ALWAYS_EMBED_SWIFT_STANDARD_LIBRARIES = YES;
				BUNDLE_LOADER = "$(TEST_HOST)";
				CODE_SIGN_STYLE = Automatic;
				CURRENT_PROJECT_VERSION = 1;
				GENERATE_INFOPLIST_FILE = YES;
				IPHONEOS_DEPLOYMENT_TARGET = 17.2;
				MARKETING_VERSION = 1.0;
				PRODUCT_BUNDLE_IDENTIFIER = com.rachitverma.UCSCMarketsTests;
				PRODUCT_NAME = "$(TARGET_NAME)";
				SWIFT_EMIT_LOC_STRINGS = NO;
				SWIFT_VERSION = 5.0;
				TARGETED_DEVICE_FAMILY = "1,2";
				TEST_HOST = "$(BUILT_PRODUCTS_DIR)/UCSCMarkets.app/$(BUNDLE_EXECUTABLE_FOLDER_PATH)/UCSCMarkets";
			};
			name = Release;
		};
		C964E0202B5B3C7E00317B8A /* Debug */ = {
			isa = XCBuildConfiguration;
			buildSettings = {
				ALWAYS_EMBED_SWIFT_STANDARD_LIBRARIES = YES;
				CODE_SIGN_STYLE = Automatic;
				CURRENT_PROJECT_VERSION = 1;
				GENERATE_INFOPLIST_FILE = YES;
				MARKETING_VERSION = 1.0;
				PRODUCT_BUNDLE_IDENTIFIER = com.rachitverma.UCSCMarketsUITests;
				PRODUCT_NAME = "$(TARGET_NAME)";
				SWIFT_EMIT_LOC_STRINGS = NO;
				SWIFT_VERSION = 5.0;
				TARGETED_DEVICE_FAMILY = "1,2";
				TEST_TARGET_NAME = UCSCMarkets;
			};
			name = Debug;
		};
		C964E0212B5B3C7E00317B8A /* Release */ = {
			isa = XCBuildConfiguration;
			buildSettings = {
				ALWAYS_EMBED_SWIFT_STANDARD_LIBRARIES = YES;
				CODE_SIGN_STYLE = Automatic;
				CURRENT_PROJECT_VERSION = 1;
				GENERATE_INFOPLIST_FILE = YES;
				MARKETING_VERSION = 1.0;
				PRODUCT_BUNDLE_IDENTIFIER = com.rachitverma.UCSCMarketsUITests;
				PRODUCT_NAME = "$(TARGET_NAME)";
				SWIFT_EMIT_LOC_STRINGS = NO;
				SWIFT_VERSION = 5.0;
				TARGETED_DEVICE_FAMILY = "1,2";
				TEST_TARGET_NAME = UCSCMarkets;
			};
			name = Release;
		};
/* End XCBuildConfiguration section */

/* Begin XCConfigurationList section */
		C964DFF02B5B3C7900317B8A /* Build configuration list for PBXProject "UCSCMarkets" */ = {
			isa = XCConfigurationList;
			buildConfigurations = (
				C964E0172B5B3C7E00317B8A /* Debug */,
				C964E0182B5B3C7E00317B8A /* Release */,
			);
			defaultConfigurationIsVisible = 0;
			defaultConfigurationName = Release;
		};
		C964E0192B5B3C7E00317B8A /* Build configuration list for PBXNativeTarget "UCSCMarkets" */ = {
			isa = XCConfigurationList;
			buildConfigurations = (
				C964E01A2B5B3C7E00317B8A /* Debug */,
				C964E01B2B5B3C7E00317B8A /* Release */,
			);
			defaultConfigurationIsVisible = 0;
			defaultConfigurationName = Release;
		};
		C964E01C2B5B3C7E00317B8A /* Build configuration list for PBXNativeTarget "UCSCMarketsTests" */ = {
			isa = XCConfigurationList;
			buildConfigurations = (
				C964E01D2B5B3C7E00317B8A /* Debug */,
				C964E01E2B5B3C7E00317B8A /* Release */,
			);
			defaultConfigurationIsVisible = 0;
			defaultConfigurationName = Release;
		};
		C964E01F2B5B3C7E00317B8A /* Build configuration list for PBXNativeTarget "UCSCMarketsUITests" */ = {
			isa = XCConfigurationList;
			buildConfigurations = (
				C964E0202B5B3C7E00317B8A /* Debug */,
				C964E0212B5B3C7E00317B8A /* Release */,
			);
			defaultConfigurationIsVisible = 0;
			defaultConfigurationName = Release;
		};
/* End XCConfigurationList section */
	};
	rootObject = C964DFED2B5B3C7900317B8A /* Project object */;
}
